
Microsoft Visual Studio Solution File, Format Version 12.00
# Visual Studio 15
Project("{FAE04EC0-301F-11D3-BF4B-00C04F79EFBC}") = "Assembly-CSharp", "Assembly-CSharp.csproj", "{12314D5A-DD8D-03B6-4A8A-BF07BA1B105D}"
EndProject
Global
	GlobalSection(SolutionConfigurationPlatforms) = preSolution
		Debug|Any CPU = Debug|Any CPU
		Release|Any CPU = Release|Any CPU
	EndGlobalSection
	GlobalSection(ProjectConfigurationPlatforms) = postSolution
		{12314D5A-DD8D-03B6-4A8A-BF07BA1B105D}.Debug|Any CPU.ActiveCfg = Debug|Any CPU
		{12314D5A-DD8D-03B6-4A8A-BF07BA1B105D}.Debug|Any CPU.Build.0 = Debug|Any CPU
		{12314D5A-DD8D-03B6-4A8A-BF07BA1B105D}.Release|Any CPU.ActiveCfg = Release|Any CPU
		{12314D5A-DD8D-03B6-4A8A-BF07BA1B105D}.Release|Any CPU.Build.0 = Release|Any CPU
	EndGlobalSection
	GlobalSection(SolutionProperties) = preSolution
		HideSolutionNode = FALSE
	EndGlobalSection
EndGlobal
